
Microsoft Visual Studio Solution File, Format Version 12.00
Project("{FAE04EC0-301F-11D3-BF4B-00C04F79EFBC}") = "DataAccess", "DataAccess\DataAccess.csproj", "{1C516B7C-4A26-45E5-92C6-AEEEAE2089F0}"
EndProject
Project("{FAE04EC0-301F-11D3-BF4B-00C04F79EFBC}") = "Repository", "Repository\Repository.csproj", "{E0B6D944-5409-4011-8764-3F936FDCA89B}"
EndProject
Project("{FAE04EC0-301F-11D3-BF4B-00C04F79EFBC}") = "BusinessObject", "BusinessObject\BusinessObject.csproj", "{4ECD269A-3E81-4458-B678-6C3558726671}"
EndProject
Project("{FAE04EC0-301F-11D3-BF4B-00C04F79EFBC}") = "ChiroCareRazorPages", "ChiroCareRazorPages\ChiroCareRazorPages.csproj", "{9907B240-4B59-48B1-8468-12D6A0FBEB9E}"
EndProject
Global
	GlobalSection(SolutionConfigurationPlatforms) = preSolution
		Debug|Any CPU = Debug|Any CPU
		Release|Any CPU = Release|Any CPU
	EndGlobalSection
	GlobalSection(ProjectConfigurationPlatforms) = postSolution
		{1C516B7C-4A26-45E5-92C6-AEEEAE2089F0}.Debug|Any CPU.ActiveCfg = Debug|Any CPU
		{1C516B7C-4A26-45E5-92C6-AEEEAE2089F0}.Debug|Any CPU.Build.0 = Debug|Any CPU
		{1C516B7C-4A26-45E5-92C6-AEEEAE2089F0}.Release|Any CPU.ActiveCfg = Release|Any CPU
		{1C516B7C-4A26-45E5-92C6-AEEEAE2089F0}.Release|Any CPU.Build.0 = Release|Any CPU
		{E0B6D944-5409-4011-8764-3F936FDCA89B}.Debug|Any CPU.ActiveCfg = Debug|Any CPU
		{E0B6D944-5409-4011-8764-3F936FDCA89B}.Debug|Any CPU.Build.0 = Debug|Any CPU
		{E0B6D944-5409-4011-8764-3F936FDCA89B}.Release|Any CPU.ActiveCfg = Release|Any CPU
		{E0B6D944-5409-4011-8764-3F936FDCA89B}.Release|Any CPU.Build.0 = Release|Any CPU
		{4ECD269A-3E81-4458-B678-6C3558726671}.Debug|Any CPU.ActiveCfg = Debug|Any CPU
		{4ECD269A-3E81-4458-B678-6C3558726671}.Debug|Any CPU.Build.0 = Debug|Any CPU
		{4ECD269A-3E81-4458-B678-6C3558726671}.Release|Any CPU.ActiveCfg = Release|Any CPU
		{4ECD269A-3E81-4458-B678-6C3558726671}.Release|Any CPU.Build.0 = Release|Any CPU
		{9907B240-4B59-48B1-8468-12D6A0FBEB9E}.Debug|Any CPU.ActiveCfg = Debug|Any CPU
		{9907B240-4B59-48B1-8468-12D6A0FBEB9E}.Debug|Any CPU.Build.0 = Debug|Any CPU
		{9907B240-4B59-48B1-8468-12D6A0FBEB9E}.Release|Any CPU.ActiveCfg = Release|Any CPU
		{9907B240-4B59-48B1-8468-12D6A0FBEB9E}.Release|Any CPU.Build.0 = Release|Any CPU
	EndGlobalSection
EndGlobal
